
Microsoft Visual Studio Solution File, Format Version 12.00
# Visual Studio Version 17
VisualStudioVersion = 17.5.33530.505
MinimumVisualStudioVersion = 10.0.40219.1
Project("{F184B08F-C81C-45F6-A57F-5ABD9991F28F}") = "SectionBCombined", "SectionBCombined\SectionBCombined.vbproj", "{B696DDC0-1BBE-47D1-B0C1-4A801738F5FA}"
EndProject
Global
	GlobalSection(SolutionConfigurationPlatforms) = preSolution
		Debug|Any CPU = Debug|Any CPU
		Release|Any CPU = Release|Any CPU
	EndGlobalSection
	GlobalSection(ProjectConfigurationPlatforms) = postSolution
		{B696DDC0-1BBE-47D1-B0C1-4A801738F5FA}.Debug|Any CPU.ActiveCfg = Debug|Any CPU
		{B696DDC0-1BBE-47D1-B0C1-4A801738F5FA}.Debug|Any CPU.Build.0 = Debug|Any CPU
		{B696DDC0-1BBE-47D1-B0C1-4A801738F5FA}.Release|Any CPU.ActiveCfg = Release|Any CPU
		{B696DDC0-1BBE-47D1-B0C1-4A801738F5FA}.Release|Any CPU.Build.0 = Release|Any CPU
	EndGlobalSection
	GlobalSection(SolutionProperties) = preSolution
		HideSolutionNode = FALSE
	EndGlobalSection
	GlobalSection(ExtensibilityGlobals) = postSolution
		SolutionGuid = {6EA7046F-BED8-496B-AFCC-7408BC6E7A16}
	EndGlobalSection
EndGlobal
